version: 2.0
shards:
  admiral:
    git: https://github.com/jwaldrip/admiral.cr.git
    version: 1.11.4

  backtracer:
    git: https://github.com/Sija/backtracer.cr.git
    version: 1.2.1

  crinja:
    git: https://github.com/straight-shoota/crinja.git
    version: 0.7.0+git.commit.15c267c5280bcb78a1f3f472ac5cb3843176fdd1

  crystal-env:
    git: https://github.com/crystal-lang/crystal-env.git
    version: 0.1.0+git.commit.be17067ae807386f28751b6b8f3dc343f6c2607a

  exception_page:
    git: https://github.com/crystal-loot/exception_page.git
    version: 0.2.0

  kemal:
    git: https://github.com/kemalcr/kemal.git
    version: 1.0.0+git.commit.218be2422172d330feb62c6a8abc7df5402fdb84

  kilt:
    git: https://github.com/jeromegn/kilt.git
    version: 0.6.1

  radix:
    git: https://github.com/luislavena/radix.git
    version: 0.4.1

  systemd_notify:
    git: https://github.com/serge-name/systemd_notify.cr.git
    version: 0.1.2+git.commit.9bbe6003e76a062117c755d8cf7fc30f78f45fab

