version: 2.0
shards:
  admiral:
    git: https://github.com/jwaldrip/admiral.cr.git
    version: 1.12.1

  ameba:
    git: https://github.com/crystal-ameba/ameba.git
    version: 1.5.0

  backtracer:
    git: https://github.com/sija/backtracer.cr.git
    version: 1.2.2

  crinja:
    git: https://github.com/straight-shoota/crinja.git
    version: 0.8.1+git.commit.5d5c190adc9693b9481e5d7a144aebec0f544bad

  crystal-env:
    git: https://github.com/crystal-lang/crystal-env.git
    version: 0.1.0+git.commit.05a1d92cfbb11a75a0077323b9631a467b7a6b91

  exception_page:
    git: https://github.com/crystal-loot/exception_page.git
    version: 0.3.1

  kemal:
    git: https://github.com/kemalcr/kemal.git
    version: 1.4.0+git.commit.13fd4f8b2f5d3003d0ad0c43e0b3a0f324abefb0

  radix:
    git: https://github.com/luislavena/radix.git
    version: 0.4.1

  systemd_notify:
    git: https://github.com/serge-name/systemd_notify.cr.git
    version: 0.1.3+git.commit.c21c34df94ea954ac0989d445e5fc9aaa525bfae

