version: 2.0
shards:
  admiral:
    git: https://github.com/jwaldrip/admiral.cr.git
    version: 1.11.2

  crinja:
    git: https://github.com/straight-shoota/crinja.git
    version: 0.6.1+git.commit.e1fa1754828ffb2ac2cf3942512d8ca8c419c73a

  crystal-env:
    git: https://github.com/n-rodriguez/crystal-env.git
    version: 0.1.0+git.commit.03338c3df988cfdcb59f9996c4cc703df3e9274a

  exception_page:
    git: https://github.com/crystal-loot/exception_page.git
    version: 0.1.4

  kemal:
    git: https://github.com/kemalcr/kemal.git
    version: 0.26.1+git.commit.a819d4792bbc63d993d6dd2b15f9af5efb0c2d8c

  kilt:
    git: https://github.com/jeromegn/kilt.git
    version: 0.4.0

  radix:
    git: https://github.com/luislavena/radix.git
    version: 0.3.9

  systemd_notify:
    git: https://github.com/n-rodriguez/systemd_notify.cr.git
    version: 0.1.1+git.commit.9e90bd9eafee766c5106a3d5a6b29675aa2bedd8

